
Microsoft Visual Studio Solution File, Format Version 12.00
# Visual Studio Version 17
VisualStudioVersion = 17.11.35303.130
MinimumVisualStudioVersion = 10.0.40219.1
Project("{9A19103F-16F7-4668-BE54-9A1E7A4F7556}") = "ConsoleApp3", "ConsoleApp3\ConsoleApp3.csproj", "{BDACD52A-D29A-4D14-A58B-692A004CC2FD}"
EndProject
Project("{9A19103F-16F7-4668-BE54-9A1E7A4F7556}") = "Version1.1", "Version1.1\Version1.1.csproj", "{ABAB4A27-A64D-40E1-BC62-21D61AC79802}"
EndProject
Project("{9A19103F-16F7-4668-BE54-9A1E7A4F7556}") = "Assigment2", "Assigment2\Assigment2.csproj", "{36AB48B3-2EA6-4CEC-A9EE-E9CEBC67E177}"
EndProject
Project("{FAE04EC0-301F-11D3-BF4B-00C04F79EFBC}") = "New-SizeVersion", "New-SizeVersion\New-SizeVersion.csproj", "{8D68C570-DC7E-4BF0-B930-FDEA0E3A7283}"
EndProject
Global
	GlobalSection(SolutionConfigurationPlatforms) = preSolution
		Debug|Any CPU = Debug|Any CPU
		Release|Any CPU = Release|Any CPU
	EndGlobalSection
	GlobalSection(ProjectConfigurationPlatforms) = postSolution
		{BDACD52A-D29A-4D14-A58B-692A004CC2FD}.Debug|Any CPU.ActiveCfg = Debug|Any CPU
		{BDACD52A-D29A-4D14-A58B-692A004CC2FD}.Debug|Any CPU.Build.0 = Debug|Any CPU
		{BDACD52A-D29A-4D14-A58B-692A004CC2FD}.Release|Any CPU.ActiveCfg = Release|Any CPU
		{BDACD52A-D29A-4D14-A58B-692A004CC2FD}.Release|Any CPU.Build.0 = Release|Any CPU
		{ABAB4A27-A64D-40E1-BC62-21D61AC79802}.Debug|Any CPU.ActiveCfg = Debug|Any CPU
		{ABAB4A27-A64D-40E1-BC62-21D61AC79802}.Debug|Any CPU.Build.0 = Debug|Any CPU
		{ABAB4A27-A64D-40E1-BC62-21D61AC79802}.Release|Any CPU.ActiveCfg = Release|Any CPU
		{ABAB4A27-A64D-40E1-BC62-21D61AC79802}.Release|Any CPU.Build.0 = Release|Any CPU
		{36AB48B3-2EA6-4CEC-A9EE-E9CEBC67E177}.Debug|Any CPU.ActiveCfg = Debug|Any CPU
		{36AB48B3-2EA6-4CEC-A9EE-E9CEBC67E177}.Debug|Any CPU.Build.0 = Debug|Any CPU
		{36AB48B3-2EA6-4CEC-A9EE-E9CEBC67E177}.Release|Any CPU.ActiveCfg = Release|Any CPU
		{36AB48B3-2EA6-4CEC-A9EE-E9CEBC67E177}.Release|Any CPU.Build.0 = Release|Any CPU
		{8D68C570-DC7E-4BF0-B930-FDEA0E3A7283}.Debug|Any CPU.ActiveCfg = Debug|Any CPU
		{8D68C570-DC7E-4BF0-B930-FDEA0E3A7283}.Debug|Any CPU.Build.0 = Debug|Any CPU
		{8D68C570-DC7E-4BF0-B930-FDEA0E3A7283}.Release|Any CPU.ActiveCfg = Release|Any CPU
		{8D68C570-DC7E-4BF0-B930-FDEA0E3A7283}.Release|Any CPU.Build.0 = Release|Any CPU
	EndGlobalSection
	GlobalSection(SolutionProperties) = preSolution
		HideSolutionNode = FALSE
	EndGlobalSection
	GlobalSection(ExtensibilityGlobals) = postSolution
		SolutionGuid = {69648171-6648-4598-B03B-9ADCBD5C64C3}
	EndGlobalSection
EndGlobal
