
Microsoft Visual Studio Solution File, Format Version 12.00
# Visual Studio Version 17
VisualStudioVersion = 17.11.35303.130
MinimumVisualStudioVersion = 10.0.40219.1
Project("{FAE04EC0-301F-11D3-BF4B-00C04F79EFBC}") = "V1-Prague-Parking-Group-HappyDolphins", "V1-Prague-Parking-Group-HappyDolphins\V1-Prague-Parking-Group-HappyDolphins.csproj", "{AEE11566-3266-40BA-9AB1-8A51E9C04E66}"
EndProject
Global
	GlobalSection(SolutionConfigurationPlatforms) = preSolution
		Debug|Any CPU = Debug|Any CPU
		Release|Any CPU = Release|Any CPU
	EndGlobalSection
	GlobalSection(ProjectConfigurationPlatforms) = postSolution
		{AEE11566-3266-40BA-9AB1-8A51E9C04E66}.Debug|Any CPU.ActiveCfg = Debug|Any CPU
		{AEE11566-3266-40BA-9AB1-8A51E9C04E66}.Debug|Any CPU.Build.0 = Debug|Any CPU
		{AEE11566-3266-40BA-9AB1-8A51E9C04E66}.Release|Any CPU.ActiveCfg = Release|Any CPU
		{AEE11566-3266-40BA-9AB1-8A51E9C04E66}.Release|Any CPU.Build.0 = Release|Any CPU
	EndGlobalSection
	GlobalSection(SolutionProperties) = preSolution
		HideSolutionNode = FALSE
	EndGlobalSection
	GlobalSection(ExtensibilityGlobals) = postSolution
		SolutionGuid = {69648171-6648-4598-B03B-9ADCBD5C64C3}
	EndGlobalSection
EndGlobal
